
Microsoft Visual Studio Solution File, Format Version 12.00
# Visual Studio Version 16
VisualStudioVersion = 16.0.28803.202
MinimumVisualStudioVersion = 10.0.40219.1
Project("{FAE04EC0-301F-11D3-BF4B-00C04F79EFBC}") = "AuthDemo", "AuthDemo\AuthDemo.csproj", "{AAE17EC3-C442-4486-BF35-019FEE93B262}"
EndProject
Global
	GlobalSection(SolutionConfigurationPlatforms) = preSolution
		Debug|Any CPU = Debug|Any CPU
		Release|Any CPU = Release|Any CPU
	EndGlobalSection
	GlobalSection(ProjectConfigurationPlatforms) = postSolution
		{AAE17EC3-C442-4486-BF35-019FEE93B262}.Debug|Any CPU.ActiveCfg = Debug|Any CPU
		{AAE17EC3-C442-4486-BF35-019FEE93B262}.Debug|Any CPU.Build.0 = Debug|Any CPU
		{AAE17EC3-C442-4486-BF35-019FEE93B262}.Release|Any CPU.ActiveCfg = Release|Any CPU
		{AAE17EC3-C442-4486-BF35-019FEE93B262}.Release|Any CPU.Build.0 = Release|Any CPU
	EndGlobalSection
	GlobalSection(SolutionProperties) = preSolution
		HideSolutionNode = FALSE
	EndGlobalSection
	GlobalSection(ExtensibilityGlobals) = postSolution
		SolutionGuid = {9B89866A-1992-4A44-8484-2B8217899619}
	EndGlobalSection
EndGlobal
